// !$*UTF8*$!
{
	archiveVersion = 1;
	classes = {
	};
	objectVersion = 55;
	objects = {

/* Begin PBXBuildFile section */
		A24358DC27B940230081B266 /* MVVMTestApp.swift in Sources */ = {isa = PBXBuildFile; fileRef = A24358DB27B940230081B266 /* MVVMTestApp.swift */; };
		A24358DE27B940230081B266 /* MainView.swift in Sources */ = {isa = PBXBuildFile; fileRef = A24358DD27B940230081B266 /* MainView.swift */; };
		A24358E027B940240081B266 /* Assets.xcassets in Resources */ = {isa = PBXBuildFile; fileRef = A24358DF27B940240081B266 /* Assets.xcassets */; };
		A24358E327B940240081B266 /* Preview Assets.xcassets in Resources */ = {isa = PBXBuildFile; fileRef = A24358E227B940240081B266 /* Preview Assets.xcassets */; };
		A24358EA27B940450081B266 /* Timer.swift in Sources */ = {isa = PBXBuildFile; fileRef = A24358E927B940450081B266 /* Timer.swift */; };
		A24358EC27B940820081B266 /* MainViewModel.swift in Sources */ = {isa = PBXBuildFile; fileRef = A24358EB27B940820081B266 /* MainViewModel.swift */; };
		A24358EF27B940F00081B266 /* Services.swift in Sources */ = {isa = PBXBuildFile; fileRef = A24358EE27B940F00081B266 /* Services.swift */; };
		A24358F127B941840081B266 /* Factory.swift in Sources */ = {isa = PBXBuildFile; fileRef = A24358F027B941840081B266 /* Factory.swift */; };
		A24358F327B944F10081B266 /* NotYetStartedView.swift in Sources */ = {isa = PBXBuildFile; fileRef = A24358F227B944F10081B266 /* NotYetStartedView.swift */; };
		A24358F727B945270081B266 /* StartedView.swift in Sources */ = {isa = PBXBuildFile; fileRef = A24358F627B945270081B266 /* StartedView.swift */; };
		A24358F927B9454F0081B266 /* NotYetStartedViewModel.swift in Sources */ = {isa = PBXBuildFile; fileRef = A24358F827B9454F0081B266 /* NotYetStartedViewModel.swift */; };
		A24358FB27B945C90081B266 /* StartedViewModel.swift in Sources */ = {isa = PBXBuildFile; fileRef = A24358FA27B945C90081B266 /* StartedViewModel.swift */; };
/* End PBXBuildFile section */

/* Begin PBXFileReference section */
		A24358D827B940230081B266 /* MVVMTest.app */ = {isa = PBXFileReference; explicitFileType = wrapper.application; includeInIndex = 0; path = MVVMTest.app; sourceTree = BUILT_PRODUCTS_DIR; };
		A24358DB27B940230081B266 /* MVVMTestApp.swift */ = {isa = PBXFileReference; lastKnownFileType = sourcecode.swift; path = MVVMTestApp.swift; sourceTree = "<group>"; };
		A24358DD27B940230081B266 /* MainView.swift */ = {isa = PBXFileReference; lastKnownFileType = sourcecode.swift; path = MainView.swift; sourceTree = "<group>"; };
		A24358DF27B940240081B266 /* Assets.xcassets */ = {isa = PBXFileReference; lastKnownFileType = folder.assetcatalog; path = Assets.xcassets; sourceTree = "<group>"; };
		A24358E227B940240081B266 /* Preview Assets.xcassets */ = {isa = PBXFileReference; lastKnownFileType = folder.assetcatalog; path = "Preview Assets.xcassets"; sourceTree = "<group>"; };
		A24358E927B940450081B266 /* Timer.swift */ = {isa = PBXFileReference; lastKnownFileType = sourcecode.swift; path = Timer.swift; sourceTree = "<group>"; };
		A24358EB27B940820081B266 /* MainViewModel.swift */ = {isa = PBXFileReference; lastKnownFileType = sourcecode.swift; path = MainViewModel.swift; sourceTree = "<group>"; };
		A24358EE27B940F00081B266 /* Services.swift */ = {isa = PBXFileReference; lastKnownFileType = sourcecode.swift; path = Services.swift; sourceTree = "<group>"; };
		A24358F027B941840081B266 /* Factory.swift */ = {isa = PBXFileReference; lastKnownFileType = sourcecode.swift; path = Factory.swift; sourceTree = "<group>"; };
		A24358F227B944F10081B266 /* NotYetStartedView.swift */ = {isa = PBXFileReference; lastKnownFileType = sourcecode.swift; path = NotYetStartedView.swift; sourceTree = "<group>"; };
		A24358F627B945270081B266 /* StartedView.swift */ = {isa = PBXFileReference; lastKnownFileType = sourcecode.swift; path = StartedView.swift; sourceTree = "<group>"; };
		A24358F827B9454F0081B266 /* NotYetStartedViewModel.swift */ = {isa = PBXFileReference; lastKnownFileType = sourcecode.swift; path = NotYetStartedViewModel.swift; sourceTree = "<group>"; };
		A24358FA27B945C90081B266 /* StartedViewModel.swift */ = {isa = PBXFileReference; lastKnownFileType = sourcecode.swift; path = StartedViewModel.swift; sourceTree = "<group>"; };
/* End PBXFileReference section */

/* Begin PBXFrameworksBuildPhase section */
		A24358D527B940230081B266 /* Frameworks */ = {
			isa = PBXFrameworksBuildPhase;
			buildActionMask = 2147483647;
			files = (
			);
			runOnlyForDeploymentPostprocessing = 0;
		};
/* End PBXFrameworksBuildPhase section */

/* Begin PBXGroup section */
		A24358CF27B940230081B266 = {
			isa = PBXGroup;
			children = (
				A24358DA27B940230081B266 /* MVVMTest */,
				A24358D927B940230081B266 /* Products */,
			);
			sourceTree = "<group>";
		};
		A24358D927B940230081B266 /* Products */ = {
			isa = PBXGroup;
			children = (
				A24358D827B940230081B266 /* MVVMTest.app */,
			);
			name = Products;
			sourceTree = "<group>";
		};
		A24358DA27B940230081B266 /* MVVMTest */ = {
			isa = PBXGroup;
			children = (
				A24358DF27B940240081B266 /* Assets.xcassets */,
				A24358E127B940240081B266 /* Preview Content */,
				A24358F527B944FF0081B266 /* ViewModels */,
				A24358F427B944F90081B266 /* Views */,
				A24358DB27B940230081B266 /* MVVMTestApp.swift */,
				A24358E927B940450081B266 /* Timer.swift */,
				A24358EE27B940F00081B266 /* Services.swift */,
				A24358F027B941840081B266 /* Factory.swift */,
			);
			path = MVVMTest;
			sourceTree = "<group>";
		};
		A24358E127B940240081B266 /* Preview Content */ = {
			isa = PBXGroup;
			children = (
				A24358E227B940240081B266 /* Preview Assets.xcassets */,
			);
			path = "Preview Content";
			sourceTree = "<group>";
		};
		A24358F427B944F90081B266 /* Views */ = {
			isa = PBXGroup;
			children = (
				A24358DD27B940230081B266 /* MainView.swift */,
				A24358F227B944F10081B266 /* NotYetStartedView.swift */,
				A24358F627B945270081B266 /* StartedView.swift */,
			);
			path = Views;
			sourceTree = "<group>";
		};
		A24358F527B944FF0081B266 /* ViewModels */ = {
			isa = PBXGroup;
			children = (
				A24358EB27B940820081B266 /* MainViewModel.swift */,
				A24358F827B9454F0081B266 /* NotYetStartedViewModel.swift */,
				A24358FA27B945C90081B266 /* StartedViewModel.swift */,
			);
			path = ViewModels;
			sourceTree = "<group>";
		};
/* End PBXGroup section */

/* Begin PBXNativeTarget section */
		A24358D727B940230081B266 /* MVVMTest */ = {
			isa = PBXNativeTarget;
			buildConfigurationList = A24358E627B940240081B266 /* Build configuration list for PBXNativeTarget "MVVMTest" */;
			buildPhases = (
				A24358D427B940230081B266 /* Sources */,
				A24358D527B940230081B266 /* Frameworks */,
				A24358D627B940230081B266 /* Resources */,
			);
			buildRules = (
			);
			dependencies = (
			);
			name = MVVMTest;
			productName = MVVMTest;
			productReference = A24358D827B940230081B266 /* MVVMTest.app */;
			productType = "com.apple.product-type.application";
		};
/* End PBXNativeTarget section */

/* Begin PBXProject section */
		A24358D027B940230081B266 /* Project object */ = {
			isa = PBXProject;
			attributes = {
				BuildIndependentTargetsInParallel = 1;
				LastSwiftUpdateCheck = 1320;
				LastUpgradeCheck = 1320;
				TargetAttributes = {
					A24358D727B940230081B266 = {
						CreatedOnToolsVersion = 13.2.1;
					};
				};
			};
			buildConfigurationList = A24358D327B940230081B266 /* Build configuration list for PBXProject "MVVMTest" */;
			compatibilityVersion = "Xcode 13.0";
			developmentRegion = en;
			hasScannedForEncodings = 0;
			knownRegions = (
				en,
				Base,
			);
			mainGroup = A24358CF27B940230081B266;
			productRefGroup = A24358D927B940230081B266 /* Products */;
			projectDirPath = "";
			projectRoot = "";
			targets = (
				A24358D727B940230081B266 /* MVVMTest */,
			);
		};
/* End PBXProject section */

/* Begin PBXResourcesBuildPhase section */
		A24358D627B940230081B266 /* Resources */ = {
			isa = PBXResourcesBuildPhase;
			buildActionMask = 2147483647;
			files = (
				A24358E327B940240081B266 /* Preview Assets.xcassets in Resources */,
				A24358E027B940240081B266 /* Assets.xcassets in Resources */,
			);
			runOnlyForDeploymentPostprocessing = 0;
		};
/* End PBXResourcesBuildPhase section */

/* Begin PBXSourcesBuildPhase section */
		A24358D427B940230081B266 /* Sources */ = {
			isa = PBXSourcesBuildPhase;
			buildActionMask = 2147483647;
			files = (
				A24358FB27B945C90081B266 /* StartedViewModel.swift in Sources */,
				A24358F327B944F10081B266 /* NotYetStartedView.swift in Sources */,
				A24358EF27B940F00081B266 /* Services.swift in Sources */,
				A24358EA27B940450081B266 /* Timer.swift in Sources */,
				A24358F127B941840081B266 /* Factory.swift in Sources */,
				A24358DE27B940230081B266 /* MainView.swift in Sources */,
				A24358DC27B940230081B266 /* MVVMTestApp.swift in Sources */,
				A24358F927B9454F0081B266 /* NotYetStartedViewModel.swift in Sources */,
				A24358F727B945270081B266 /* StartedView.swift in Sources */,
				A24358EC27B940820081B266 /* MainViewModel.swift in Sources */,
			);
			runOnlyForDeploymentPostprocessing = 0;
		};
/* End PBXSourcesBuildPhase section */

/* Begin XCBuildConfiguration section */
		A24358E427B940240081B266 /* Debug */ = {
			isa = XCBuildConfiguration;
			buildSettings = {
				ALWAYS_SEARCH_USER_PATHS = NO;
				CLANG_ANALYZER_NONNULL = YES;
				CLANG_ANALYZER_NUMBER_OBJECT_CONVERSION = YES_AGGRESSIVE;
				CLANG_CXX_LANGUAGE_STANDARD = "gnu++17";
				CLANG_CXX_LIBRARY = "libc++";
				CLANG_ENABLE_MODULES = YES;
				CLANG_ENABLE_OBJC_ARC = YES;
				CLANG_ENABLE_OBJC_WEAK = YES;
				CLANG_WARN_BLOCK_CAPTURE_AUTORELEASING = YES;
				CLANG_WARN_BOOL_CONVERSION = YES;
				CLANG_WARN_COMMA = YES;
				CLANG_WARN_CONSTANT_CONVERSION = YES;
				CLANG_WARN_DEPRECATED_OBJC_IMPLEMENTATIONS = YES;
				CLANG_WARN_DIRECT_OBJC_ISA_USAGE = YES_ERROR;
				CLANG_WARN_DOCUMENTATION_COMMENTS = YES;
				CLANG_WARN_EMPTY_BODY = YES;
				CLANG_WARN_ENUM_CONVERSION = YES;
				CLANG_WARN_INFINITE_RECURSION = YES;
				CLANG_WARN_INT_CONVERSION = YES;
				CLANG_WARN_NON_LITERAL_NULL_CONVERSION = YES;
				CLANG_WARN_OBJC_IMPLICIT_RETAIN_SELF = YES;
				CLANG_WARN_OBJC_LITERAL_CONVERSION = YES;
				CLANG_WARN_OBJC_ROOT_CLASS = YES_ERROR;
				CLANG_WARN_QUOTED_INCLUDE_IN_FRAMEWORK_HEADER = YES;
				CLANG_WARN_RANGE_LOOP_ANALYSIS = YES;
				CLANG_WARN_STRICT_PROTOTYPES = YES;
				CLANG_WARN_SUSPICIOUS_MOVE = YES;
				CLANG_WARN_UNGUARDED_AVAILABILITY = YES_AGGRESSIVE;
				CLANG_WARN_UNREACHABLE_CODE = YES;
				CLANG_WARN__DUPLICATE_METHOD_MATCH = YES;
				COPY_PHASE_STRIP = NO;
				DEBUG_INFORMATION_FORMAT = dwarf;
				ENABLE_STRICT_OBJC_MSGSEND = YES;
				ENABLE_TESTABILITY = YES;
				GCC_C_LANGUAGE_STANDARD = gnu11;
				GCC_DYNAMIC_NO_PIC = NO;
				GCC_NO_COMMON_BLOCKS = YES;
				GCC_OPTIMIZATION_LEVEL = 0;
				GCC_PREPROCESSOR_DEFINITIONS = (
					"DEBUG=1",
					"$(inherited)",
				);
				GCC_WARN_64_TO_32_BIT_CONVERSION = YES;
				GCC_WARN_ABOUT_RETURN_TYPE = YES_ERROR;
				GCC_WARN_UNDECLARED_SELECTOR = YES;
				GCC_WARN_UNINITIALIZED_AUTOS = YES_AGGRESSIVE;
				GCC_WARN_UNUSED_FUNCTION = YES;
				GCC_WARN_UNUSED_VARIABLE = YES;
				IPHONEOS_DEPLOYMENT_TARGET = 15.2;
				MTL_ENABLE_DEBUG_INFO = INCLUDE_SOURCE;
				MTL_FAST_MATH = YES;
				ONLY_ACTIVE_ARCH = YES;
				SDKROOT = iphoneos;
				SWIFT_ACTIVE_COMPILATION_CONDITIONS = DEBUG;
				SWIFT_OPTIMIZATION_LEVEL = "-Onone";
			};
			name = Debug;
		};
		A24358E527B940240081B266 /* Release */ = {
			isa = XCBuildConfiguration;
			buildSettings = {
				ALWAYS_SEARCH_USER_PATHS = NO;
				CLANG_ANALYZER_NONNULL = YES;
				CLANG_ANALYZER_NUMBER_OBJECT_CONVERSION = YES_AGGRESSIVE;
				CLANG_CXX_LANGUAGE_STANDARD = "gnu++17";
				CLANG_CXX_LIBRARY = "libc++";
				CLANG_ENABLE_MODULES = YES;
				CLANG_ENABLE_OBJC_ARC = YES;
				CLANG_ENABLE_OBJC_WEAK = YES;
				CLANG_WARN_BLOCK_CAPTURE_AUTORELEASING = YES;
				CLANG_WARN_BOOL_CONVERSION = YES;
				CLANG_WARN_COMMA = YES;
				CLANG_WARN_CONSTANT_CONVERSION = YES;
				CLANG_WARN_DEPRECATED_OBJC_IMPLEMENTATIONS = YES;
				CLANG_WARN_DIRECT_OBJC_ISA_USAGE = YES_ERROR;
				CLANG_WARN_DOCUMENTATION_COMMENTS = YES;
				CLANG_WARN_EMPTY_BODY = YES;
				CLANG_WARN_ENUM_CONVERSION = YES;
				CLANG_WARN_INFINITE_RECURSION = YES;
				CLANG_WARN_INT_CONVERSION = YES;
				CLANG_WARN_NON_LITERAL_NULL_CONVERSION = YES;
				CLANG_WARN_OBJC_IMPLICIT_RETAIN_SELF = YES;
				CLANG_WARN_OBJC_LITERAL_CONVERSION = YES;
				CLANG_WARN_OBJC_ROOT_CLASS = YES_ERROR;
				CLANG_WARN_QUOTED_INCLUDE_IN_FRAMEWORK_HEADER = YES;
				CLANG_WARN_RANGE_LOOP_ANALYSIS = YES;
				CLANG_WARN_STRICT_PROTOTYPES = YES;
				CLANG_WARN_SUSPICIOUS_MOVE = YES;
				CLANG_WARN_UNGUARDED_AVAILABILITY = YES_AGGRESSIVE;
				CLANG_WARN_UNREACHABLE_CODE = YES;
				CLANG_WARN__DUPLICATE_METHOD_MATCH = YES;
				COPY_PHASE_STRIP = NO;
				DEBUG_INFORMATION_FORMAT = "dwarf-with-dsym";
				ENABLE_NS_ASSERTIONS = NO;
				ENABLE_STRICT_OBJC_MSGSEND = YES;
				GCC_C_LANGUAGE_STANDARD = gnu11;
				GCC_NO_COMMON_BLOCKS = YES;
				GCC_WARN_64_TO_32_BIT_CONVERSION = YES;
				GCC_WARN_ABOUT_RETURN_TYPE = YES_ERROR;
				GCC_WARN_UNDECLARED_SELECTOR = YES;
				GCC_WARN_UNINITIALIZED_AUTOS = YES_AGGRESSIVE;
				GCC_WARN_UNUSED_FUNCTION = YES;
				GCC_WARN_UNUSED_VARIABLE = YES;
				IPHONEOS_DEPLOYMENT_TARGET = 15.2;
				MTL_ENABLE_DEBUG_INFO = NO;
				MTL_FAST_MATH = YES;
				SDKROOT = iphoneos;
				SWIFT_COMPILATION_MODE = wholemodule;
				SWIFT_OPTIMIZATION_LEVEL = "-O";
				VALIDATE_PRODUCT = YES;
			};
			name = Release;
		};
		A24358E727B940240081B266 /* Debug */ = {
			isa = XCBuildConfiguration;
			buildSettings = {
				ASSETCATALOG_COMPILER_APPICON_NAME = AppIcon;
				ASSETCATALOG_COMPILER_GLOBAL_ACCENT_COLOR_NAME = AccentColor;
				CODE_SIGN_STYLE = Automatic;
				CURRENT_PROJECT_VERSION = 1;
				DEVELOPMENT_ASSET_PATHS = "\"MVVMTest/Preview Content\"";
				DEVELOPMENT_TEAM = 467ZWSYTTL;
				ENABLE_PREVIEWS = YES;
				GENERATE_INFOPLIST_FILE = YES;
				INFOPLIST_KEY_UIApplicationSceneManifest_Generation = YES;
				INFOPLIST_KEY_UIApplicationSupportsIndirectInputEvents = YES;
				INFOPLIST_KEY_UILaunchScreen_Generation = YES;
				INFOPLIST_KEY_UISupportedInterfaceOrientations_iPad = "UIInterfaceOrientationPortrait UIInterfaceOrientationPortraitUpsideDown UIInterfaceOrientationLandscapeLeft UIInterfaceOrientationLandscapeRight";
				INFOPLIST_KEY_UISupportedInterfaceOrientations_iPhone = "UIInterfaceOrientationPortrait UIInterfaceOrientationLandscapeLeft UIInterfaceOrientationLandscapeRight";
				LD_RUNPATH_SEARCH_PATHS = (
					"$(inherited)",
					"@executable_path/Frameworks",
				);
				MARKETING_VERSION = 1.0;
				PRODUCT_BUNDLE_IDENTIFIER = "com.christopher-francisco.Kronos.MVVMTest";
				PRODUCT_NAME = "$(TARGET_NAME)";
				SWIFT_EMIT_LOC_STRINGS = YES;
				SWIFT_VERSION = 5.0;
				TARGETED_DEVICE_FAMILY = "1,2";
			};
			name = Debug;
		};
		A24358E827B940240081B266 /* Release */ = {
			isa = XCBuildConfiguration;
			buildSettings = {
				ASSETCATALOG_COMPILER_APPICON_NAME = AppIcon;
				ASSETCATALOG_COMPILER_GLOBAL_ACCENT_COLOR_NAME = AccentColor;
				CODE_SIGN_STYLE = Automatic;
				CURRENT_PROJECT_VERSION = 1;
				DEVELOPMENT_ASSET_PATHS = "\"MVVMTest/Preview Content\"";
				DEVELOPMENT_TEAM = 467ZWSYTTL;
				ENABLE_PREVIEWS = YES;
				GENERATE_INFOPLIST_FILE = YES;
				INFOPLIST_KEY_UIApplicationSceneManifest_Generation = YES;
				INFOPLIST_KEY_UIApplicationSupportsIndirectInputEvents = YES;
				INFOPLIST_KEY_UILaunchScreen_Generation = YES;
				INFOPLIST_KEY_UISupportedInterfaceOrientations_iPad = "UIInterfaceOrientationPortrait UIInterfaceOrientationPortraitUpsideDown UIInterfaceOrientationLandscapeLeft UIInterfaceOrientationLandscapeRight";
				INFOPLIST_KEY_UISupportedInterfaceOrientations_iPhone = "UIInterfaceOrientationPortrait UIInterfaceOrientationLandscapeLeft UIInterfaceOrientationLandscapeRight";
				LD_RUNPATH_SEARCH_PATHS = (
					"$(inherited)",
					"@executable_path/Frameworks",
				);
				MARKETING_VERSION = 1.0;
				PRODUCT_BUNDLE_IDENTIFIER = "com.christopher-francisco.Kronos.MVVMTest";
				PRODUCT_NAME = "$(TARGET_NAME)";
				SWIFT_EMIT_LOC_STRINGS = YES;
				SWIFT_VERSION = 5.0;
				TARGETED_DEVICE_FAMILY = "1,2";
			};
			name = Release;
		};
/* End XCBuildConfiguration section */

/* Begin XCConfigurationList section */
		A24358D327B940230081B266 /* Build configuration list for PBXProject "MVVMTest" */ = {
			isa = XCConfigurationList;
			buildConfigurations = (
				A24358E427B940240081B266 /* Debug */,
				A24358E527B940240081B266 /* Release */,
			);
			defaultConfigurationIsVisible = 0;
			defaultConfigurationName = Release;
		};
		A24358E627B940240081B266 /* Build configuration list for PBXNativeTarget "MVVMTest" */ = {
			isa = XCConfigurationList;
			buildConfigurations = (
				A24358E727B940240081B266 /* Debug */,
				A24358E827B940240081B266 /* Release */,
			);
			defaultConfigurationIsVisible = 0;
			defaultConfigurationName = Release;
		};
/* End XCConfigurationList section */
	};
	rootObject = A24358D027B940230081B266 /* Project object */;
}
